
Microsoft Visual Studio Solution File, Format Version 12.00
# Visual Studio Version 16
VisualStudioVersion = 16.0.31112.23
MinimumVisualStudioVersion = 10.0.40219.1
Project("{FAE04EC0-301F-11D3-BF4B-00C04F79EFBC}") = "CustomerApi", "CustomerApi.csproj", "{B5F0F606-3E8B-4941-96E4-25BEABD39986}"
EndProject
Project("{FAE04EC0-301F-11D3-BF4B-00C04F79EFBC}") = "CustomerNunitTest", "..\CustomerNunitTest\CustomerNunitTest.csproj", "{2267C5F2-C7BF-4699-94C4-4589E435EC5C}"
EndProject
Global
	GlobalSection(SolutionConfigurationPlatforms) = preSolution
		Debug|Any CPU = Debug|Any CPU
		Release|Any CPU = Release|Any CPU
	EndGlobalSection
	GlobalSection(ProjectConfigurationPlatforms) = postSolution
		{B5F0F606-3E8B-4941-96E4-25BEABD39986}.Debug|Any CPU.ActiveCfg = Debug|Any CPU
		{B5F0F606-3E8B-4941-96E4-25BEABD39986}.Debug|Any CPU.Build.0 = Debug|Any CPU
		{B5F0F606-3E8B-4941-96E4-25BEABD39986}.Release|Any CPU.ActiveCfg = Release|Any CPU
		{B5F0F606-3E8B-4941-96E4-25BEABD39986}.Release|Any CPU.Build.0 = Release|Any CPU
		{2267C5F2-C7BF-4699-94C4-4589E435EC5C}.Debug|Any CPU.ActiveCfg = Debug|Any CPU
		{2267C5F2-C7BF-4699-94C4-4589E435EC5C}.Debug|Any CPU.Build.0 = Debug|Any CPU
		{2267C5F2-C7BF-4699-94C4-4589E435EC5C}.Release|Any CPU.ActiveCfg = Release|Any CPU
		{2267C5F2-C7BF-4699-94C4-4589E435EC5C}.Release|Any CPU.Build.0 = Release|Any CPU
	EndGlobalSection
	GlobalSection(SolutionProperties) = preSolution
		HideSolutionNode = FALSE
	EndGlobalSection
	GlobalSection(ExtensibilityGlobals) = postSolution
		SolutionGuid = {18F3F526-0054-43B7-995A-8A0882329784}
	EndGlobalSection
EndGlobal
